
Microsoft Visual Studio Solution File, Format Version 12.00
# Visual Studio 14
VisualStudioVersion = 14.0.25420.1
MinimumVisualStudioVersion = 10.0.40219.1
Project("{2150E333-8FDC-42A3-9474-1A3956D46DE8}") = "Clients", "Clients", "{C5F5AA40-8EF0-4F4F-BA52-1BB4B335C514}"
EndProject
Project("{2150E333-8FDC-42A3-9474-1A3956D46DE8}") = "Libraries", "Libraries", "{B530BFE0-EF61-4AE4-97E0-792F314377D2}"
EndProject
Project("{FAE04EC0-301F-11D3-BF4B-00C04F79EFBC}") = "RC.SWI.Services", "RC.SWI.Services\RC.SWI.Services.csproj", "{D3FA4119-1275-46AA-AB03-EADC43A6A547}"
EndProject
Project("{FAE04EC0-301F-11D3-BF4B-00C04F79EFBC}") = "RC.SWI.Repository.Services.Web", "RC.SWI.Repository.Services.Web\RC.SWI.Repository.Services.Web.csproj", "{D079EB64-1CC1-4F56-BD8F-E5BBABE616B3}"
EndProject
Project("{FAE04EC0-301F-11D3-BF4B-00C04F79EFBC}") = "RC.SWI.Entities", "RC.SWI.Models\RC.SWI.Entities.csproj", "{1F7D08DD-E468-4681-BB60-9973E41184E0}"
EndProject
Project("{FAE04EC0-301F-11D3-BF4B-00C04F79EFBC}") = "RC.SWI.ViewModels", "RC.SWI.ViewModels\RC.SWI.ViewModels.csproj", "{8362AEA1-E29A-4816-8CE9-B74A301515F3}"
EndProject
Project("{FAE04EC0-301F-11D3-BF4B-00C04F79EFBC}") = "RC.SWI.Common", "RC.SWI.Common\RC.SWI.Common.csproj", "{3A59991E-C1DD-4215-BB3E-552872020C35}"
EndProject
Project("{00D1A9C2-B5F0-4AF3-8072-F6C62B433612}") = "RC.SWI.Database", "RC.SWI.Database\RC.SWI.Database.sqlproj", "{3C7A65F8-3BA2-4926-8F5C-E94B77E0AAC0}"
EndProject
Project("{2150E333-8FDC-42A3-9474-1A3956D46DE8}") = "NewFolder1", "NewFolder1", "{766858B6-5DC6-4F6B-BF46-2CA8C0715C70}"
EndProject
Global
	GlobalSection(SolutionConfigurationPlatforms) = preSolution
		Debug|Any CPU = Debug|Any CPU
		Release|Any CPU = Release|Any CPU
	EndGlobalSection
	GlobalSection(ProjectConfigurationPlatforms) = postSolution
		{D3FA4119-1275-46AA-AB03-EADC43A6A547}.Debug|Any CPU.ActiveCfg = Debug|Any CPU
		{D3FA4119-1275-46AA-AB03-EADC43A6A547}.Debug|Any CPU.Build.0 = Debug|Any CPU
		{D3FA4119-1275-46AA-AB03-EADC43A6A547}.Release|Any CPU.ActiveCfg = Release|Any CPU
		{D3FA4119-1275-46AA-AB03-EADC43A6A547}.Release|Any CPU.Build.0 = Release|Any CPU
		{D079EB64-1CC1-4F56-BD8F-E5BBABE616B3}.Debug|Any CPU.ActiveCfg = Debug|Any CPU
		{D079EB64-1CC1-4F56-BD8F-E5BBABE616B3}.Debug|Any CPU.Build.0 = Debug|Any CPU
		{D079EB64-1CC1-4F56-BD8F-E5BBABE616B3}.Release|Any CPU.ActiveCfg = Release|Any CPU
		{D079EB64-1CC1-4F56-BD8F-E5BBABE616B3}.Release|Any CPU.Build.0 = Release|Any CPU
		{1F7D08DD-E468-4681-BB60-9973E41184E0}.Debug|Any CPU.ActiveCfg = Debug|Any CPU
		{1F7D08DD-E468-4681-BB60-9973E41184E0}.Debug|Any CPU.Build.0 = Debug|Any CPU
		{1F7D08DD-E468-4681-BB60-9973E41184E0}.Release|Any CPU.ActiveCfg = Release|Any CPU
		{1F7D08DD-E468-4681-BB60-9973E41184E0}.Release|Any CPU.Build.0 = Release|Any CPU
		{8362AEA1-E29A-4816-8CE9-B74A301515F3}.Debug|Any CPU.ActiveCfg = Debug|Any CPU
		{8362AEA1-E29A-4816-8CE9-B74A301515F3}.Debug|Any CPU.Build.0 = Debug|Any CPU
		{8362AEA1-E29A-4816-8CE9-B74A301515F3}.Release|Any CPU.ActiveCfg = Release|Any CPU
		{8362AEA1-E29A-4816-8CE9-B74A301515F3}.Release|Any CPU.Build.0 = Release|Any CPU
		{3A59991E-C1DD-4215-BB3E-552872020C35}.Debug|Any CPU.ActiveCfg = Debug|Any CPU
		{3A59991E-C1DD-4215-BB3E-552872020C35}.Debug|Any CPU.Build.0 = Debug|Any CPU
		{3A59991E-C1DD-4215-BB3E-552872020C35}.Release|Any CPU.ActiveCfg = Release|Any CPU
		{3A59991E-C1DD-4215-BB3E-552872020C35}.Release|Any CPU.Build.0 = Release|Any CPU
		{3C7A65F8-3BA2-4926-8F5C-E94B77E0AAC0}.Debug|Any CPU.ActiveCfg = Debug|Any CPU
		{3C7A65F8-3BA2-4926-8F5C-E94B77E0AAC0}.Debug|Any CPU.Build.0 = Debug|Any CPU
		{3C7A65F8-3BA2-4926-8F5C-E94B77E0AAC0}.Debug|Any CPU.Deploy.0 = Debug|Any CPU
		{3C7A65F8-3BA2-4926-8F5C-E94B77E0AAC0}.Release|Any CPU.ActiveCfg = Release|Any CPU
		{3C7A65F8-3BA2-4926-8F5C-E94B77E0AAC0}.Release|Any CPU.Build.0 = Release|Any CPU
		{3C7A65F8-3BA2-4926-8F5C-E94B77E0AAC0}.Release|Any CPU.Deploy.0 = Release|Any CPU
	EndGlobalSection
	GlobalSection(SolutionProperties) = preSolution
		HideSolutionNode = FALSE
	EndGlobalSection
	GlobalSection(NestedProjects) = preSolution
		{D3FA4119-1275-46AA-AB03-EADC43A6A547} = {B530BFE0-EF61-4AE4-97E0-792F314377D2}
		{D079EB64-1CC1-4F56-BD8F-E5BBABE616B3} = {C5F5AA40-8EF0-4F4F-BA52-1BB4B335C514}
		{1F7D08DD-E468-4681-BB60-9973E41184E0} = {B530BFE0-EF61-4AE4-97E0-792F314377D2}
		{8362AEA1-E29A-4816-8CE9-B74A301515F3} = {B530BFE0-EF61-4AE4-97E0-792F314377D2}
		{3A59991E-C1DD-4215-BB3E-552872020C35} = {B530BFE0-EF61-4AE4-97E0-792F314377D2}
		{3C7A65F8-3BA2-4926-8F5C-E94B77E0AAC0} = {B530BFE0-EF61-4AE4-97E0-792F314377D2}
	EndGlobalSection
EndGlobal
